
Microsoft Visual Studio Solution File, Format Version 12.00
# Visual Studio Version 17
VisualStudioVersion = 17.6.33815.320
MinimumVisualStudioVersion = 10.0.40219.1
Project("{FAE04EC0-301F-11D3-BF4B-00C04F79EFBC}") = "WpfApp1", "WpfApp1\WpfApp1.csproj", "{81D5B981-63F6-464B-8001-FC40DB4AFEF4}"
EndProject
Global
	GlobalSection(SolutionConfigurationPlatforms) = preSolution
		Debug|Any CPU = Debug|Any CPU
		Release|Any CPU = Release|Any CPU
	EndGlobalSection
	GlobalSection(ProjectConfigurationPlatforms) = postSolution
		{81D5B981-63F6-464B-8001-FC40DB4AFEF4}.Debug|Any CPU.ActiveCfg = Debug|Any CPU
		{81D5B981-63F6-464B-8001-FC40DB4AFEF4}.Debug|Any CPU.Build.0 = Debug|Any CPU
		{81D5B981-63F6-464B-8001-FC40DB4AFEF4}.Release|Any CPU.ActiveCfg = Release|Any CPU
		{81D5B981-63F6-464B-8001-FC40DB4AFEF4}.Release|Any CPU.Build.0 = Release|Any CPU
	EndGlobalSection
	GlobalSection(SolutionProperties) = preSolution
		HideSolutionNode = FALSE
	EndGlobalSection
	GlobalSection(ExtensibilityGlobals) = postSolution
		SolutionGuid = {1A09626F-C0E2-4902-89B8-563645B67D6D}
	EndGlobalSection
EndGlobal
